// !$*UTF8*$!
{
	archiveVersion = 1;
	classes = {
	};
	objectVersion = 46;
	objects = {

/* Begin PBXBuildFile section */
		19DF3A8C07CE747279BD1339 /* Pods_PokeSearch.framework in Frameworks */ = {isa = PBXBuildFile; fileRef = 8DD70E25D455497F38FC27B1 /* Pods_PokeSearch.framework */; };
		8C16A2C31ECBFEDC0023872F /* ModalVC.swift in Sources */ = {isa = PBXBuildFile; fileRef = 8C16A2C21ECBFEDC0023872F /* ModalVC.swift */; };
		8C391E7A1EC82980002B8A38 /* AppDelegate.swift in Sources */ = {isa = PBXBuildFile; fileRef = 8C391E791EC82980002B8A38 /* AppDelegate.swift */; };
		8C391E7C1EC82980002B8A38 /* ViewController.swift in Sources */ = {isa = PBXBuildFile; fileRef = 8C391E7B1EC82980002B8A38 /* ViewController.swift */; };
		8C391E7F1EC82980002B8A38 /* Main.storyboard in Resources */ = {isa = PBXBuildFile; fileRef = 8C391E7D1EC82980002B8A38 /* Main.storyboard */; };
		8C391E811EC82980002B8A38 /* Assets.xcassets in Resources */ = {isa = PBXBuildFile; fileRef = 8C391E801EC82980002B8A38 /* Assets.xcassets */; };
		8C391E841EC82980002B8A38 /* LaunchScreen.storyboard in Resources */ = {isa = PBXBuildFile; fileRef = 8C391E821EC82980002B8A38 /* LaunchScreen.storyboard */; };
		8C391E9F1EC82ECF002B8A38 /* GeoFire.m in Sources */ = {isa = PBXBuildFile; fileRef = 8C391E961EC82ECF002B8A38 /* GeoFire.m */; };
		8C391EA01EC82ECF002B8A38 /* GFBase32Utils.m in Sources */ = {isa = PBXBuildFile; fileRef = 8C391E981EC82ECF002B8A38 /* GFBase32Utils.m */; };
		8C391EA11EC82ECF002B8A38 /* GFGeoHash.m in Sources */ = {isa = PBXBuildFile; fileRef = 8C391E9A1EC82ECF002B8A38 /* GFGeoHash.m */; };
		8C391EA21EC82ECF002B8A38 /* GFGeoHashQuery.m in Sources */ = {isa = PBXBuildFile; fileRef = 8C391E9C1EC82ECF002B8A38 /* GFGeoHashQuery.m */; };
		8C391EA31EC82ECF002B8A38 /* GFQuery.m in Sources */ = {isa = PBXBuildFile; fileRef = 8C391E9E1EC82ECF002B8A38 /* GFQuery.m */; };
		8C391EA51EC831CF002B8A38 /* GoogleService-Info.plist in Resources */ = {isa = PBXBuildFile; fileRef = 8C391E8B1EC829D5002B8A38 /* GoogleService-Info.plist */; };
		8CF915A31EC95FB400725356 /* PokeAnnotation.swift in Sources */ = {isa = PBXBuildFile; fileRef = 8CF915A21EC95FB400725356 /* PokeAnnotation.swift */; };
/* End PBXBuildFile section */

/* Begin PBXFileReference section */
		8C16A2C21ECBFEDC0023872F /* ModalVC.swift */ = {isa = PBXFileReference; fileEncoding = 4; lastKnownFileType = sourcecode.swift; path = ModalVC.swift; sourceTree = "<group>"; };
		8C391E761EC82980002B8A38 /* PokeSearch.app */ = {isa = PBXFileReference; explicitFileType = wrapper.application; includeInIndex = 0; path = PokeSearch.app; sourceTree = BUILT_PRODUCTS_DIR; };
		8C391E791EC82980002B8A38 /* AppDelegate.swift */ = {isa = PBXFileReference; lastKnownFileType = sourcecode.swift; path = AppDelegate.swift; sourceTree = "<group>"; };
		8C391E7B1EC82980002B8A38 /* ViewController.swift */ = {isa = PBXFileReference; lastKnownFileType = sourcecode.swift; path = ViewController.swift; sourceTree = "<group>"; };
		8C391E7E1EC82980002B8A38 /* Base */ = {isa = PBXFileReference; lastKnownFileType = file.storyboard; name = Base; path = Base.lproj/Main.storyboard; sourceTree = "<group>"; };
		8C391E801EC82980002B8A38 /* Assets.xcassets */ = {isa = PBXFileReference; lastKnownFileType = folder.assetcatalog; path = Assets.xcassets; sourceTree = "<group>"; };
		8C391E831EC82980002B8A38 /* Base */ = {isa = PBXFileReference; lastKnownFileType = file.storyboard; name = Base; path = Base.lproj/LaunchScreen.storyboard; sourceTree = "<group>"; };
		8C391E851EC82980002B8A38 /* Info.plist */ = {isa = PBXFileReference; lastKnownFileType = text.plist.xml; path = Info.plist; sourceTree = "<group>"; };
		8C391E8B1EC829D5002B8A38 /* GoogleService-Info.plist */ = {isa = PBXFileReference; fileEncoding = 4; lastKnownFileType = text.plist.xml; name = "GoogleService-Info.plist"; path = "../GoogleService-Info.plist"; sourceTree = "<group>"; };
		8C391E8F1EC82ECF002B8A38 /* GeoFire.h */ = {isa = PBXFileReference; fileEncoding = 4; lastKnownFileType = sourcecode.c.h; path = GeoFire.h; sourceTree = "<group>"; };
		8C391E901EC82ECF002B8A38 /* GFCircleQuery.h */ = {isa = PBXFileReference; fileEncoding = 4; lastKnownFileType = sourcecode.c.h; path = GFCircleQuery.h; sourceTree = "<group>"; };
		8C391E911EC82ECF002B8A38 /* GFQuery.h */ = {isa = PBXFileReference; fileEncoding = 4; lastKnownFileType = sourcecode.c.h; path = GFQuery.h; sourceTree = "<group>"; };
		8C391E921EC82ECF002B8A38 /* GFRegionQuery.h */ = {isa = PBXFileReference; fileEncoding = 4; lastKnownFileType = sourcecode.c.h; path = GFRegionQuery.h; sourceTree = "<group>"; };
		8C391E931EC82ECF002B8A38 /* GeoFire-Prefix.pch */ = {isa = PBXFileReference; fileEncoding = 4; lastKnownFileType = sourcecode.c.h; path = "GeoFire-Prefix.pch"; sourceTree = "<group>"; };
		8C391E951EC82ECF002B8A38 /* GeoFire+Private.h */ = {isa = PBXFileReference; fileEncoding = 4; lastKnownFileType = sourcecode.c.h; path = "GeoFire+Private.h"; sourceTree = "<group>"; };
		8C391E961EC82ECF002B8A38 /* GeoFire.m */ = {isa = PBXFileReference; fileEncoding = 4; lastKnownFileType = sourcecode.c.objc; path = GeoFire.m; sourceTree = "<group>"; };
		8C391E971EC82ECF002B8A38 /* GFBase32Utils.h */ = {isa = PBXFileReference; fileEncoding = 4; lastKnownFileType = sourcecode.c.h; path = GFBase32Utils.h; sourceTree = "<group>"; };
		8C391E981EC82ECF002B8A38 /* GFBase32Utils.m */ = {isa = PBXFileReference; fileEncoding = 4; lastKnownFileType = sourcecode.c.objc; path = GFBase32Utils.m; sourceTree = "<group>"; };
		8C391E991EC82ECF002B8A38 /* GFGeoHash.h */ = {isa = PBXFileReference; fileEncoding = 4; lastKnownFileType = sourcecode.c.h; path = GFGeoHash.h; sourceTree = "<group>"; };
		8C391E9A1EC82ECF002B8A38 /* GFGeoHash.m */ = {isa = PBXFileReference; fileEncoding = 4; lastKnownFileType = sourcecode.c.objc; path = GFGeoHash.m; sourceTree = "<group>"; };
		8C391E9B1EC82ECF002B8A38 /* GFGeoHashQuery.h */ = {isa = PBXFileReference; fileEncoding = 4; lastKnownFileType = sourcecode.c.h; path = GFGeoHashQuery.h; sourceTree = "<group>"; };
		8C391E9C1EC82ECF002B8A38 /* GFGeoHashQuery.m */ = {isa = PBXFileReference; fileEncoding = 4; lastKnownFileType = sourcecode.c.objc; path = GFGeoHashQuery.m; sourceTree = "<group>"; };
		8C391E9D1EC82ECF002B8A38 /* GFQuery+Private.h */ = {isa = PBXFileReference; fileEncoding = 4; lastKnownFileType = sourcecode.c.h; path = "GFQuery+Private.h"; sourceTree = "<group>"; };
		8C391E9E1EC82ECF002B8A38 /* GFQuery.m */ = {isa = PBXFileReference; fileEncoding = 4; lastKnownFileType = sourcecode.c.objc; path = GFQuery.m; sourceTree = "<group>"; };
		8C391EA41EC83045002B8A38 /* PokeSearch-Bridging-Header.h */ = {isa = PBXFileReference; fileEncoding = 4; lastKnownFileType = sourcecode.c.h; path = "PokeSearch-Bridging-Header.h"; sourceTree = "<group>"; };
		8CF915A21EC95FB400725356 /* PokeAnnotation.swift */ = {isa = PBXFileReference; fileEncoding = 4; lastKnownFileType = sourcecode.swift; path = PokeAnnotation.swift; sourceTree = "<group>"; };
		8DD70E25D455497F38FC27B1 /* Pods_PokeSearch.framework */ = {isa = PBXFileReference; explicitFileType = wrapper.framework; includeInIndex = 0; path = Pods_PokeSearch.framework; sourceTree = BUILT_PRODUCTS_DIR; };
		C56746F109299A4C770C4DD5 /* Pods-PokeSearch.debug.xcconfig */ = {isa = PBXFileReference; includeInIndex = 1; lastKnownFileType = text.xcconfig; name = "Pods-PokeSearch.debug.xcconfig"; path = "Pods/Target Support Files/Pods-PokeSearch/Pods-PokeSearch.debug.xcconfig"; sourceTree = "<group>"; };
		CC601C02D6DE670604950AAE /* Pods-PokeSearch.release.xcconfig */ = {isa = PBXFileReference; includeInIndex = 1; lastKnownFileType = text.xcconfig; name = "Pods-PokeSearch.release.xcconfig"; path = "Pods/Target Support Files/Pods-PokeSearch/Pods-PokeSearch.release.xcconfig"; sourceTree = "<group>"; };
/* End PBXFileReference section */

/* Begin PBXFrameworksBuildPhase section */
		8C391E731EC82980002B8A38 /* Frameworks */ = {
			isa = PBXFrameworksBuildPhase;
			buildActionMask = 2147483647;
			files = (
				19DF3A8C07CE747279BD1339 /* Pods_PokeSearch.framework in Frameworks */,
			);
			runOnlyForDeploymentPostprocessing = 0;
		};
/* End PBXFrameworksBuildPhase section */

/* Begin PBXGroup section */
		8C391E6D1EC82980002B8A38 = {
			isa = PBXGroup;
			children = (
				8C391E781EC82980002B8A38 /* PokeSearch */,
				8C391E771EC82980002B8A38 /* Products */,
				DAC679CEF1A96927F1D88CF3 /* Pods */,
				FB433C448E5B17EAAD66CA62 /* Frameworks */,
			);
			sourceTree = "<group>";
		};
		8C391E771EC82980002B8A38 /* Products */ = {
			isa = PBXGroup;
			children = (
				8C391E761EC82980002B8A38 /* PokeSearch.app */,
			);
			name = Products;
			sourceTree = "<group>";
		};
		8C391E781EC82980002B8A38 /* PokeSearch */ = {
			isa = PBXGroup;
			children = (
				8CF9159F1EC95F6D00725356 /* Model */,
				8CF915A11EC95F7E00725356 /* View */,
				8CF915A01EC95F7900725356 /* Controller */,
				8C391E8D1EC82ECF002B8A38 /* GeoFire */,
				8C391E801EC82980002B8A38 /* Assets.xcassets */,
				8C391E851EC82980002B8A38 /* Info.plist */,
				8C391E8B1EC829D5002B8A38 /* GoogleService-Info.plist */,
				8C391EA41EC83045002B8A38 /* PokeSearch-Bridging-Header.h */,
			);
			path = PokeSearch;
			sourceTree = "<group>";
		};
		8C391E8D1EC82ECF002B8A38 /* GeoFire */ = {
			isa = PBXGroup;
			children = (
				8C391E8E1EC82ECF002B8A38 /* API */,
				8C391E931EC82ECF002B8A38 /* GeoFire-Prefix.pch */,
				8C391E941EC82ECF002B8A38 /* Implementation */,
			);
			name = GeoFire;
			path = ../GeoFire;
			sourceTree = "<group>";
		};
		8C391E8E1EC82ECF002B8A38 /* API */ = {
			isa = PBXGroup;
			children = (
				8C391E8F1EC82ECF002B8A38 /* GeoFire.h */,
				8C391E901EC82ECF002B8A38 /* GFCircleQuery.h */,
				8C391E911EC82ECF002B8A38 /* GFQuery.h */,
				8C391E921EC82ECF002B8A38 /* GFRegionQuery.h */,
			);
			path = API;
			sourceTree = "<group>";
		};
		8C391E941EC82ECF002B8A38 /* Implementation */ = {
			isa = PBXGroup;
			children = (
				8C391E951EC82ECF002B8A38 /* GeoFire+Private.h */,
				8C391E961EC82ECF002B8A38 /* GeoFire.m */,
				8C391E971EC82ECF002B8A38 /* GFBase32Utils.h */,
				8C391E981EC82ECF002B8A38 /* GFBase32Utils.m */,
				8C391E991EC82ECF002B8A38 /* GFGeoHash.h */,
				8C391E9A1EC82ECF002B8A38 /* GFGeoHash.m */,
				8C391E9B1EC82ECF002B8A38 /* GFGeoHashQuery.h */,
				8C391E9C1EC82ECF002B8A38 /* GFGeoHashQuery.m */,
				8C391E9D1EC82ECF002B8A38 /* GFQuery+Private.h */,
				8C391E9E1EC82ECF002B8A38 /* GFQuery.m */,
			);
			path = Implementation;
			sourceTree = "<group>";
		};
		8CF9159F1EC95F6D00725356 /* Model */ = {
			isa = PBXGroup;
			children = (
				8CF915A21EC95FB400725356 /* PokeAnnotation.swift */,
			);
			name = Model;
			path = ../GeoFire;
			sourceTree = "<group>";
		};
		8CF915A01EC95F7900725356 /* Controller */ = {
			isa = PBXGroup;
			children = (
				8C391E791EC82980002B8A38 /* AppDelegate.swift */,
				8C391E7B1EC82980002B8A38 /* ViewController.swift */,
				8C16A2C21ECBFEDC0023872F /* ModalVC.swift */,
			);
			name = Controller;
			sourceTree = "<group>";
		};
		8CF915A11EC95F7E00725356 /* View */ = {
			isa = PBXGroup;
			children = (
				8C391E7D1EC82980002B8A38 /* Main.storyboard */,
				8C391E821EC82980002B8A38 /* LaunchScreen.storyboard */,
			);
			name = View;
			sourceTree = "<group>";
		};
		DAC679CEF1A96927F1D88CF3 /* Pods */ = {
			isa = PBXGroup;
			children = (
				C56746F109299A4C770C4DD5 /* Pods-PokeSearch.debug.xcconfig */,
				CC601C02D6DE670604950AAE /* Pods-PokeSearch.release.xcconfig */,
			);
			name = Pods;
			sourceTree = "<group>";
		};
		FB433C448E5B17EAAD66CA62 /* Frameworks */ = {
			isa = PBXGroup;
			children = (
				8DD70E25D455497F38FC27B1 /* Pods_PokeSearch.framework */,
			);
			name = Frameworks;
			sourceTree = "<group>";
		};
/* End PBXGroup section */

/* Begin PBXNativeTarget section */
		8C391E751EC82980002B8A38 /* PokeSearch */ = {
			isa = PBXNativeTarget;
			buildConfigurationList = 8C391E881EC82980002B8A38 /* Build configuration list for PBXNativeTarget "PokeSearch" */;
			buildPhases = (
				1B708113AB65450F2DA1A45A /* [CP] Check Pods Manifest.lock */,
				8C391E721EC82980002B8A38 /* Sources */,
				8C391E731EC82980002B8A38 /* Frameworks */,
				8C391E741EC82980002B8A38 /* Resources */,
				E9FE5F1E8AD9610CC7E499FC /* [CP] Embed Pods Frameworks */,
				71D24E4EF2F31DB6F3779C31 /* [CP] Copy Pods Resources */,
			);
			buildRules = (
			);
			dependencies = (
			);
			name = PokeSearch;
			productName = PokeSearch;
			productReference = 8C391E761EC82980002B8A38 /* PokeSearch.app */;
			productType = "com.apple.product-type.application";
		};
/* End PBXNativeTarget section */

/* Begin PBXProject section */
		8C391E6E1EC82980002B8A38 /* Project object */ = {
			isa = PBXProject;
			attributes = {
				LastSwiftUpdateCheck = 0830;
				LastUpgradeCheck = 0830;
				ORGANIZATIONNAME = "Simon Zhen";
				TargetAttributes = {
					8C391E751EC82980002B8A38 = {
						CreatedOnToolsVersion = 8.3.2;
						DevelopmentTeam = 94EUZPM3TC;
						ProvisioningStyle = Automatic;
					};
				};
			};
			buildConfigurationList = 8C391E711EC82980002B8A38 /* Build configuration list for PBXProject "PokeSearch" */;
			compatibilityVersion = "Xcode 3.2";
			developmentRegion = English;
			hasScannedForEncodings = 0;
			knownRegions = (
				en,
				Base,
			);
			mainGroup = 8C391E6D1EC82980002B8A38;
			productRefGroup = 8C391E771EC82980002B8A38 /* Products */;
			projectDirPath = "";
			projectRoot = "";
			targets = (
				8C391E751EC82980002B8A38 /* PokeSearch */,
			);
		};
/* End PBXProject section */

/* Begin PBXResourcesBuildPhase section */
		8C391E741EC82980002B8A38 /* Resources */ = {
			isa = PBXResourcesBuildPhase;
			buildActionMask = 2147483647;
			files = (
				8C391E841EC82980002B8A38 /* LaunchScreen.storyboard in Resources */,
				8C391EA51EC831CF002B8A38 /* GoogleService-Info.plist in Resources */,
				8C391E811EC82980002B8A38 /* Assets.xcassets in Resources */,
				8C391E7F1EC82980002B8A38 /* Main.storyboard in Resources */,
			);
			runOnlyForDeploymentPostprocessing = 0;
		};
/* End PBXResourcesBuildPhase section */

/* Begin PBXShellScriptBuildPhase section */
		1B708113AB65450F2DA1A45A /* [CP] Check Pods Manifest.lock */ = {
			isa = PBXShellScriptBuildPhase;
			buildActionMask = 2147483647;
			files = (
			);
			inputPaths = (
			);
			name = "[CP] Check Pods Manifest.lock";
			outputPaths = (
			);
			runOnlyForDeploymentPostprocessing = 0;
			shellPath = /bin/sh;
			shellScript = "diff \"${PODS_ROOT}/../Podfile.lock\" \"${PODS_ROOT}/Manifest.lock\" > /dev/null\nif [ $? != 0 ] ; then\n    # print error to STDERR\n    echo \"error: The sandbox is not in sync with the Podfile.lock. Run 'pod install' or update your CocoaPods installation.\" >&2\n    exit 1\nfi\n";
			showEnvVarsInLog = 0;
		};
		71D24E4EF2F31DB6F3779C31 /* [CP] Copy Pods Resources */ = {
			isa = PBXShellScriptBuildPhase;
			buildActionMask = 2147483647;
			files = (
			);
			inputPaths = (
			);
			name = "[CP] Copy Pods Resources";
			outputPaths = (
			);
			runOnlyForDeploymentPostprocessing = 0;
			shellPath = /bin/sh;
			shellScript = "\"${SRCROOT}/Pods/Target Support Files/Pods-PokeSearch/Pods-PokeSearch-resources.sh\"\n";
			showEnvVarsInLog = 0;
		};
		E9FE5F1E8AD9610CC7E499FC /* [CP] Embed Pods Frameworks */ = {
			isa = PBXShellScriptBuildPhase;
			buildActionMask = 2147483647;
			files = (
			);
			inputPaths = (
			);
			name = "[CP] Embed Pods Frameworks";
			outputPaths = (
			);
			runOnlyForDeploymentPostprocessing = 0;
			shellPath = /bin/sh;
			shellScript = "\"${SRCROOT}/Pods/Target Support Files/Pods-PokeSearch/Pods-PokeSearch-frameworks.sh\"\n";
			showEnvVarsInLog = 0;
		};
/* End PBXShellScriptBuildPhase section */

/* Begin PBXSourcesBuildPhase section */
		8C391E721EC82980002B8A38 /* Sources */ = {
			isa = PBXSourcesBuildPhase;
			buildActionMask = 2147483647;
			files = (
				8C391EA01EC82ECF002B8A38 /* GFBase32Utils.m in Sources */,
				8C16A2C31ECBFEDC0023872F /* ModalVC.swift in Sources */,
				8CF915A31EC95FB400725356 /* PokeAnnotation.swift in Sources */,
				8C391E7C1EC82980002B8A38 /* ViewController.swift in Sources */,
				8C391EA11EC82ECF002B8A38 /* GFGeoHash.m in Sources */,
				8C391E7A1EC82980002B8A38 /* AppDelegate.swift in Sources */,
				8C391E9F1EC82ECF002B8A38 /* GeoFire.m in Sources */,
				8C391EA21EC82ECF002B8A38 /* GFGeoHashQuery.m in Sources */,
				8C391EA31EC82ECF002B8A38 /* GFQuery.m in Sources */,
			);
			runOnlyForDeploymentPostprocessing = 0;
		};
/* End PBXSourcesBuildPhase section */

/* Begin PBXVariantGroup section */
		8C391E7D1EC82980002B8A38 /* Main.storyboard */ = {
			isa = PBXVariantGroup;
			children = (
				8C391E7E1EC82980002B8A38 /* Base */,
			);
			name = Main.storyboard;
			sourceTree = "<group>";
		};
		8C391E821EC82980002B8A38 /* LaunchScreen.storyboard */ = {
			isa = PBXVariantGroup;
			children = (
				8C391E831EC82980002B8A38 /* Base */,
			);
			name = LaunchScreen.storyboard;
			sourceTree = "<group>";
		};
/* End PBXVariantGroup section */

/* Begin XCBuildConfiguration section */
		8C391E861EC82980002B8A38 /* Debug */ = {
			isa = XCBuildConfiguration;
			buildSettings = {
				ALWAYS_SEARCH_USER_PATHS = NO;
				CLANG_ANALYZER_NONNULL = YES;
				CLANG_ANALYZER_NUMBER_OBJECT_CONVERSION = YES_AGGRESSIVE;
				CLANG_CXX_LANGUAGE_STANDARD = "gnu++0x";
				CLANG_CXX_LIBRARY = "libc++";
				CLANG_ENABLE_MODULES = YES;
				CLANG_ENABLE_OBJC_ARC = YES;
				CLANG_WARN_BOOL_CONVERSION = YES;
				CLANG_WARN_CONSTANT_CONVERSION = YES;
				CLANG_WARN_DIRECT_OBJC_ISA_USAGE = YES_ERROR;
				CLANG_WARN_DOCUMENTATION_COMMENTS = YES;
				CLANG_WARN_EMPTY_BODY = YES;
				CLANG_WARN_ENUM_CONVERSION = YES;
				CLANG_WARN_INFINITE_RECURSION = YES;
				CLANG_WARN_INT_CONVERSION = YES;
				CLANG_WARN_OBJC_ROOT_CLASS = YES_ERROR;
				CLANG_WARN_SUSPICIOUS_MOVE = YES;
				CLANG_WARN_UNREACHABLE_CODE = YES;
				CLANG_WARN__DUPLICATE_METHOD_MATCH = YES;
				"CODE_SIGN_IDENTITY[sdk=iphoneos*]" = "iPhone Developer";
				COPY_PHASE_STRIP = NO;
				DEBUG_INFORMATION_FORMAT = dwarf;
				ENABLE_STRICT_OBJC_MSGSEND = YES;
				ENABLE_TESTABILITY = YES;
				GCC_C_LANGUAGE_STANDARD = gnu99;
				GCC_DYNAMIC_NO_PIC = NO;
				GCC_NO_COMMON_BLOCKS = YES;
				GCC_OPTIMIZATION_LEVEL = 0;
				GCC_PREPROCESSOR_DEFINITIONS = (
					"DEBUG=1",
					"$(inherited)",
				);
				GCC_WARN_64_TO_32_BIT_CONVERSION = YES;
				GCC_WARN_ABOUT_RETURN_TYPE = YES_ERROR;
				GCC_WARN_UNDECLARED_SELECTOR = YES;
				GCC_WARN_UNINITIALIZED_AUTOS = YES_AGGRESSIVE;
				GCC_WARN_UNUSED_FUNCTION = YES;
				GCC_WARN_UNUSED_VARIABLE = YES;
				IPHONEOS_DEPLOYMENT_TARGET = 10.3;
				MTL_ENABLE_DEBUG_INFO = YES;
				ONLY_ACTIVE_ARCH = YES;
				SDKROOT = iphoneos;
				SWIFT_ACTIVE_COMPILATION_CONDITIONS = DEBUG;
				SWIFT_OPTIMIZATION_LEVEL = "-Onone";
				TARGETED_DEVICE_FAMILY = "1,2";
			};
			name = Debug;
		};
		8C391E871EC82980002B8A38 /* Release */ = {
			isa = XCBuildConfiguration;
			buildSettings = {
				ALWAYS_SEARCH_USER_PATHS = NO;
				CLANG_ANALYZER_NONNULL = YES;
				CLANG_ANALYZER_NUMBER_OBJECT_CONVERSION = YES_AGGRESSIVE;
				CLANG_CXX_LANGUAGE_STANDARD = "gnu++0x";
				CLANG_CXX_LIBRARY = "libc++";
				CLANG_ENABLE_MODULES = YES;
				CLANG_ENABLE_OBJC_ARC = YES;
				CLANG_WARN_BOOL_CONVERSION = YES;
				CLANG_WARN_CONSTANT_CONVERSION = YES;
				CLANG_WARN_DIRECT_OBJC_ISA_USAGE = YES_ERROR;
				CLANG_WARN_DOCUMENTATION_COMMENTS = YES;
				CLANG_WARN_EMPTY_BODY = YES;
				CLANG_WARN_ENUM_CONVERSION = YES;
				CLANG_WARN_INFINITE_RECURSION = YES;
				CLANG_WARN_INT_CONVERSION = YES;
				CLANG_WARN_OBJC_ROOT_CLASS = YES_ERROR;
				CLANG_WARN_SUSPICIOUS_MOVE = YES;
				CLANG_WARN_UNREACHABLE_CODE = YES;
				CLANG_WARN__DUPLICATE_METHOD_MATCH = YES;
				"CODE_SIGN_IDENTITY[sdk=iphoneos*]" = "iPhone Developer";
				COPY_PHASE_STRIP = NO;
				DEBUG_INFORMATION_FORMAT = "dwarf-with-dsym";
				ENABLE_NS_ASSERTIONS = NO;
				ENABLE_STRICT_OBJC_MSGSEND = YES;
				GCC_C_LANGUAGE_STANDARD = gnu99;
				GCC_NO_COMMON_BLOCKS = YES;
				GCC_WARN_64_TO_32_BIT_CONVERSION = YES;
				GCC_WARN_ABOUT_RETURN_TYPE = YES_ERROR;
				GCC_WARN_UNDECLARED_SELECTOR = YES;
				GCC_WARN_UNINITIALIZED_AUTOS = YES_AGGRESSIVE;
				GCC_WARN_UNUSED_FUNCTION = YES;
				GCC_WARN_UNUSED_VARIABLE = YES;
				IPHONEOS_DEPLOYMENT_TARGET = 10.3;
				MTL_ENABLE_DEBUG_INFO = NO;
				SDKROOT = iphoneos;
				SWIFT_OPTIMIZATION_LEVEL = "-Owholemodule";
				TARGETED_DEVICE_FAMILY = "1,2";
				VALIDATE_PRODUCT = YES;
			};
			name = Release;
		};
		8C391E891EC82980002B8A38 /* Debug */ = {
			isa = XCBuildConfiguration;
			baseConfigurationReference = C56746F109299A4C770C4DD5 /* Pods-PokeSearch.debug.xcconfig */;
			buildSettings = {
				ASSETCATALOG_COMPILER_APPICON_NAME = AppIcon;
				DEVELOPMENT_TEAM = 94EUZPM3TC;
				INFOPLIST_FILE = PokeSearch/Info.plist;
				LD_RUNPATH_SEARCH_PATHS = "$(inherited) @executable_path/Frameworks";
				PRODUCT_BUNDLE_IDENTIFIER = com.simonzhen.PokeSearch;
				PRODUCT_NAME = "$(TARGET_NAME)";
				SWIFT_OBJC_BRIDGING_HEADER = "PokeSearch/PokeSearch-Bridging-Header.h";
				SWIFT_VERSION = 3.0;
			};
			name = Debug;
		};
		8C391E8A1EC82980002B8A38 /* Release */ = {
			isa = XCBuildConfiguration;
			baseConfigurationReference = CC601C02D6DE670604950AAE /* Pods-PokeSearch.release.xcconfig */;
			buildSettings = {
				ASSETCATALOG_COMPILER_APPICON_NAME = AppIcon;
				DEVELOPMENT_TEAM = 94EUZPM3TC;
				INFOPLIST_FILE = PokeSearch/Info.plist;
				LD_RUNPATH_SEARCH_PATHS = "$(inherited) @executable_path/Frameworks";
				PRODUCT_BUNDLE_IDENTIFIER = com.simonzhen.PokeSearch;
				PRODUCT_NAME = "$(TARGET_NAME)";
				SWIFT_OBJC_BRIDGING_HEADER = "PokeSearch/PokeSearch-Bridging-Header.h";
				SWIFT_VERSION = 3.0;
			};
			name = Release;
		};
/* End XCBuildConfiguration section */

/* Begin XCConfigurationList section */
		8C391E711EC82980002B8A38 /* Build configuration list for PBXProject "PokeSearch" */ = {
			isa = XCConfigurationList;
			buildConfigurations = (
				8C391E861EC82980002B8A38 /* Debug */,
				8C391E871EC82980002B8A38 /* Release */,
			);
			defaultConfigurationIsVisible = 0;
			defaultConfigurationName = Release;
		};
		8C391E881EC82980002B8A38 /* Build configuration list for PBXNativeTarget "PokeSearch" */ = {
			isa = XCConfigurationList;
			buildConfigurations = (
				8C391E891EC82980002B8A38 /* Debug */,
				8C391E8A1EC82980002B8A38 /* Release */,
			);
			defaultConfigurationIsVisible = 0;
			defaultConfigurationName = Release;
		};
/* End XCConfigurationList section */
	};
	rootObject = 8C391E6E1EC82980002B8A38 /* Project object */;
}
